
Microsoft Visual Studio Solution File, Format Version 12.00
# Visual Studio Version 17
VisualStudioVersion = 17.0.32112.339
MinimumVisualStudioVersion = 10.0.40219.1
Project("{9A19103F-16F7-4668-BE54-9A1E7A4F7556}") = "MeuCampeonato.Infrastructure.Data", "MeuCampeonato.Infrastructure.Data\MeuCampeonato.Infrastructure.Data.csproj", "{A254DB4A-9CA9-483C-AE43-B62FE45F2CBA}"
EndProject
Project("{9A19103F-16F7-4668-BE54-9A1E7A4F7556}") = "MeuCampeonato.Domain", "MeuCampeonato.Domain\MeuCampeonato.Domain.csproj", "{D01B58EF-5FB5-40C4-8E62-42B246464CA3}"
EndProject
Project("{9A19103F-16F7-4668-BE54-9A1E7A4F7556}") = "MeuCampeonato.Services", "MeuCampeonato.Services\MeuCampeonato.Services.csproj", "{8369C7E3-A25C-4D1C-B684-935BF22BC519}"
	ProjectSection(ProjectDependencies) = postProject
		{120D032C-AE3C-4241-9FD7-114ECC065C3E} = {120D032C-AE3C-4241-9FD7-114ECC065C3E}
		{D01B58EF-5FB5-40C4-8E62-42B246464CA3} = {D01B58EF-5FB5-40C4-8E62-42B246464CA3}
	EndProjectSection
EndProject
Project("{9A19103F-16F7-4668-BE54-9A1E7A4F7556}") = "MeuCampeonato.App", "MeuCampeonato.App\MeuCampeonato.App.csproj", "{D4C429D0-D34F-4204-8482-2D5C00AA46D8}"
	ProjectSection(ProjectDependencies) = postProject
		{8369C7E3-A25C-4D1C-B684-935BF22BC519} = {8369C7E3-A25C-4D1C-B684-935BF22BC519}
		{D01B58EF-5FB5-40C4-8E62-42B246464CA3} = {D01B58EF-5FB5-40C4-8E62-42B246464CA3}
	EndProjectSection
EndProject
Project("{FAE04EC0-301F-11D3-BF4B-00C04F79EFBC}") = "MeuCampeonato.Infrastructure.CrossCutting", "MeuCampeonato.Infrastructure.CrossCutting\MeuCampeonato.Infrastructure.CrossCutting.csproj", "{120D032C-AE3C-4241-9FD7-114ECC065C3E}"
EndProject
Global
	GlobalSection(SolutionConfigurationPlatforms) = preSolution
		Debug|Any CPU = Debug|Any CPU
		Release|Any CPU = Release|Any CPU
	EndGlobalSection
	GlobalSection(ProjectConfigurationPlatforms) = postSolution
		{A254DB4A-9CA9-483C-AE43-B62FE45F2CBA}.Debug|Any CPU.ActiveCfg = Debug|Any CPU
		{A254DB4A-9CA9-483C-AE43-B62FE45F2CBA}.Debug|Any CPU.Build.0 = Debug|Any CPU
		{A254DB4A-9CA9-483C-AE43-B62FE45F2CBA}.Release|Any CPU.ActiveCfg = Release|Any CPU
		{A254DB4A-9CA9-483C-AE43-B62FE45F2CBA}.Release|Any CPU.Build.0 = Release|Any CPU
		{D01B58EF-5FB5-40C4-8E62-42B246464CA3}.Debug|Any CPU.ActiveCfg = Debug|Any CPU
		{D01B58EF-5FB5-40C4-8E62-42B246464CA3}.Debug|Any CPU.Build.0 = Debug|Any CPU
		{D01B58EF-5FB5-40C4-8E62-42B246464CA3}.Release|Any CPU.ActiveCfg = Release|Any CPU
		{D01B58EF-5FB5-40C4-8E62-42B246464CA3}.Release|Any CPU.Build.0 = Release|Any CPU
		{8369C7E3-A25C-4D1C-B684-935BF22BC519}.Debug|Any CPU.ActiveCfg = Debug|Any CPU
		{8369C7E3-A25C-4D1C-B684-935BF22BC519}.Debug|Any CPU.Build.0 = Debug|Any CPU
		{8369C7E3-A25C-4D1C-B684-935BF22BC519}.Release|Any CPU.ActiveCfg = Release|Any CPU
		{8369C7E3-A25C-4D1C-B684-935BF22BC519}.Release|Any CPU.Build.0 = Release|Any CPU
		{D4C429D0-D34F-4204-8482-2D5C00AA46D8}.Debug|Any CPU.ActiveCfg = Debug|Any CPU
		{D4C429D0-D34F-4204-8482-2D5C00AA46D8}.Debug|Any CPU.Build.0 = Debug|Any CPU
		{D4C429D0-D34F-4204-8482-2D5C00AA46D8}.Release|Any CPU.ActiveCfg = Release|Any CPU
		{D4C429D0-D34F-4204-8482-2D5C00AA46D8}.Release|Any CPU.Build.0 = Release|Any CPU
		{120D032C-AE3C-4241-9FD7-114ECC065C3E}.Debug|Any CPU.ActiveCfg = Debug|Any CPU
		{120D032C-AE3C-4241-9FD7-114ECC065C3E}.Debug|Any CPU.Build.0 = Debug|Any CPU
		{120D032C-AE3C-4241-9FD7-114ECC065C3E}.Release|Any CPU.ActiveCfg = Release|Any CPU
		{120D032C-AE3C-4241-9FD7-114ECC065C3E}.Release|Any CPU.Build.0 = Release|Any CPU
	EndGlobalSection
	GlobalSection(SolutionProperties) = preSolution
		HideSolutionNode = FALSE
	EndGlobalSection
	GlobalSection(ExtensibilityGlobals) = postSolution
		SolutionGuid = {910AEEB5-2EA5-43D1-AA0D-605055A9D6CB}
	EndGlobalSection
EndGlobal
